{
  "name": "lcai-miniapp",
  "version": "1.0.0",
  "lockfileVersion": 3,
  "requires": true,
  "packages": {
    "": {
      "name": "lcai-miniapp",
      "version": "1.0.0",
      "license": "ISC",
      "dependencies": {
        "@vant/weapp": "^1.11.7"
      },
      "devDependencies": {
        "miniprogram-api-typings": "^4.0.7"
      }
    },
    "node_modules/@vant/weapp": {
      "version": "1.11.7",
      "resolved": "https://registry.npmjs.org/@vant/weapp/-/weapp-1.11.7.tgz",
      "integrity": "sha512-Rwn9BBnb4kHSV4XmvBicwtd42J+amEUfnFDcXJsGNPNX4a9c/DoT6YLsm4X1wB2+sQbdiQsbFBLAvGRBxCkD8g==",
      "license": "MIT"
    },
    "node_modules/miniprogram-api-typings": {
      "version": "4.1.0",
      "resolved": "https://registry.npmjs.org/miniprogram-api-typings/-/miniprogram-api-typings-4.1.0.tgz",
      "integrity": "sha512-4RBsz27nBKyRkVGoNkRaPx24/KeJBw3zaaIlXDR8s/WBh2PbcUAc+q7wLLbp7Qsmb3bLzzUu7tqAti+B06kmjg==",
      "dev": true,
      "license": "MIT"
    }
  }
}
